
Microsoft Visual Studio Solution File, Format Version 12.00
# Visual Studio Version 17
VisualStudioVersion = 17.3.32901.215
MinimumVisualStudioVersion = 10.0.40219.1
Project("{8BC9CEB8-8B4A-11D0-8D11-00A0C91BC942}") = "project", "project\project.vcxproj", "{EF0955EA-8CA7-4898-8674-48B4A525E364}"
EndProject
Global
	GlobalSection(SolutionConfigurationPlatforms) = preSolution
		Debug|x64 = Debug|x64
		Debug|x86 = Debug|x86
		Release|x64 = Release|x64
		Release|x86 = Release|x86
	EndGlobalSection
	GlobalSection(ProjectConfigurationPlatforms) = postSolution
		{EF0955EA-8CA7-4898-8674-48B4A525E364}.Debug|x64.ActiveCfg = Debug|x64
		{EF0955EA-8CA7-4898-8674-48B4A525E364}.Debug|x64.Build.0 = Debug|x64
		{EF0955EA-8CA7-4898-8674-48B4A525E364}.Debug|x86.ActiveCfg = Debug|Win32
		{EF0955EA-8CA7-4898-8674-48B4A525E364}.Debug|x86.Build.0 = Debug|Win32
		{EF0955EA-8CA7-4898-8674-48B4A525E364}.Release|x64.ActiveCfg = Release|x64
		{EF0955EA-8CA7-4898-8674-48B4A525E364}.Release|x64.Build.0 = Release|x64
		{EF0955EA-8CA7-4898-8674-48B4A525E364}.Release|x86.ActiveCfg = Release|Win32
		{EF0955EA-8CA7-4898-8674-48B4A525E364}.Release|x86.Build.0 = Release|Win32
	EndGlobalSection
	GlobalSection(SolutionProperties) = preSolution
		HideSolutionNode = FALSE
	EndGlobalSection
	GlobalSection(ExtensibilityGlobals) = postSolution
		SolutionGuid = {222432CF-C980-43DC-9386-7CC9F4063B28}
	EndGlobalSection
EndGlobal
